
Microsoft Visual Studio Solution File, Format Version 12.00
# Visual Studio Version 17
VisualStudioVersion = 17.8.34316.72
MinimumVisualStudioVersion = 10.0.40219.1
Project("{FAE04EC0-301F-11D3-BF4B-00C04F79EFBC}") = "fxgh", "fxgh\fxgh.csproj", "{8315974D-DB27-4521-A580-DFA91E6ADC69}"
EndProject
Global
	GlobalSection(SolutionConfigurationPlatforms) = preSolution
		Debug|Any CPU = Debug|Any CPU
		Release|Any CPU = Release|Any CPU
	EndGlobalSection
	GlobalSection(ProjectConfigurationPlatforms) = postSolution
		{8315974D-DB27-4521-A580-DFA91E6ADC69}.Debug|Any CPU.ActiveCfg = Debug|Any CPU
		{8315974D-DB27-4521-A580-DFA91E6ADC69}.Debug|Any CPU.Build.0 = Debug|Any CPU
		{8315974D-DB27-4521-A580-DFA91E6ADC69}.Release|Any CPU.ActiveCfg = Release|Any CPU
		{8315974D-DB27-4521-A580-DFA91E6ADC69}.Release|Any CPU.Build.0 = Release|Any CPU
	EndGlobalSection
	GlobalSection(SolutionProperties) = preSolution
		HideSolutionNode = FALSE
	EndGlobalSection
	GlobalSection(ExtensibilityGlobals) = postSolution
		SolutionGuid = {32489D1F-2C22-4E2D-8188-D1930D5E800B}
	EndGlobalSection
EndGlobal
